Microsoft Visual Studio Solution File, Format Version 12.00
# Visual Studio Version 18
VisualStudioVersion = 18.3.11520.95
MinimumVisualStudioVersion = 10.0.40219.1
Project("{00D1A9C2-B5F0-4AF3-8072-F6C62B433612}") = "Academy.Database", "Database\Academy.Database\Academy.Database.sqlproj", "{5545EA8A-9F0C-4E44-9F6B-DB02BA40DA18}"
EndProject
Project("{2150E333-8FDC-42A3-9474-1A3956D46DE8}") = "Database", "Database", "{C483C12D-8140-4D63-A122-E14079227055}"
EndProject
Project("{2150E333-8FDC-42A3-9474-1A3956D46DE8}") = "Backend", "Backend", "{DE195767-0812-47F3-BFD3-15BDDA06F178}"
	ProjectSection(SolutionItems) = preProject
		ReadMe.txt = ReadMe.txt
	EndProjectSection
EndProject
Project("{9A19103F-16F7-4668-BE54-9A1E7A4F7556}") = "Academy.Infrastructure", "Backend\Academy.Infrastructure\Academy.Infrastructure.csproj", "{7D65A9D1-79D7-4463-8A28-21B39C6826B6}"
EndProject
Project("{9A19103F-16F7-4668-BE54-9A1E7A4F7556}") = "Academy.Core", "Backend\Academy.Core\Academy.Core.csproj", "{332BFD4B-FA22-4A9A-AC87-73BCFED5AA89}"
EndProject
Project("{9A19103F-16F7-4668-BE54-9A1E7A4F7556}") = "Academy.API", "Backend\Academy.API\Academy.API.csproj", "{1C26E50A-7AB1-43BC-A699-9E7EE413D5F3}"
EndProject
Project("{9A19103F-16F7-4668-BE54-9A1E7A4F7556}") = "Academy.Shared", "Backend\Academy.Shared\Academy.Shared.csproj", "{7684520B-25BF-43D0-81CD-B6F2D8493F41}"
EndProject
Project("{9A19103F-16F7-4668-BE54-9A1E7A4F7556}") = "Academy.Domain", "Backend\Academy.Domain\Academy.Domain.csproj", "{55FA6F83-DA7D-4468-A76E-D5E5B2BDDA69}"
EndProject
Project("{2150E333-8FDC-42A3-9474-1A3956D46DE8}") = "API", "API", "{BB8D0C76-02BF-4F96-9371-366D0F2F4A09}"
EndProject
Project("{2150E333-8FDC-42A3-9474-1A3956D46DE8}") = "BackgroundJobs", "BackgroundJobs", "{3884D05F-AA47-4611-ABA1-D25AA583ACC4}"
EndProject
Project("{9A19103F-16F7-4668-BE54-9A1E7A4F7556}") = "SendEmailWorker", "Workers\SendEmailWorker\SendEmailWorker.csproj", "{A2860847-F369-4355-A3D3-24FCED8EAC6B}"
EndProject
Project("{9A19103F-16F7-4668-BE54-9A1E7A4F7556}") = "SyncEmployeeWorker", "Workers\SyncEmployeeWorker\SyncEmployeeWorker.csproj", "{CFEE1A37-818A-401C-A01C-9A095C4F549A}"
EndProject
Project("{9A19103F-16F7-4668-BE54-9A1E7A4F7556}") = "ReminderWorker", "Workers\ReminderWorker\ReminderWorker.csproj", "{6789B37C-D3AE-4866-81F0-D55C74803033}"
EndProject
Project("{FAE04EC0-301F-11D3-BF4B-00C04F79EFBC}") = "ReportWorker", "Workers\ReportWorker\ReportWorker.csproj", "{D002E447-4E3F-4D3C-B0D7-BEEBA00E217F}"
EndProject
Project("{FAE04EC0-301F-11D3-BF4B-00C04F79EFBC}") = "TrainingAssignmentWorker", "Workers\TrainingAssignmentWorker\TrainingAssignmentWorker.csproj", "{05BBCD18-88F0-A82F-F33E-157AC9E68152}"
EndProject
Project("{FAE04EC0-301F-11D3-BF4B-00C04F79EFBC}") = "Staffing.Core", "Backend\Staffing\Staffing.Core\Staffing.Core.csproj", "{A907AB15-B873-0691-7336-8799D3B843F8}"
EndProject
Project("{FAE04EC0-301F-11D3-BF4B-00C04F79EFBC}") = "Staffing.Shared", "Backend\Staffing\Staffing.Shared\Staffing.Shared.csproj", "{2F83E7D5-1F2C-5488-5199-F1C1D7FADC11}"
EndProject
Project("{FAE04EC0-301F-11D3-BF4B-00C04F79EFBC}") = "Staffing.API", "Backend\Staffing\Staffing.API\Staffing.API.csproj", "{F2CDC09F-244E-7AEA-D5E4-8B1E07EDD185}"
EndProject
Global
	GlobalSection(SolutionConfigurationPlatforms) = preSolution
		Debug|Any CPU = Debug|Any CPU
		Development|Any CPU = Development|Any CPU
		Production|Any CPU = Production|Any CPU
		QA|Any CPU = QA|Any CPU
		Release|Any CPU = Release|Any CPU
	EndGlobalSection
	GlobalSection(ProjectConfigurationPlatforms) = postSolution
		{5545EA8A-9F0C-4E44-9F6B-DB02BA40DA18}.Debug|Any CPU.ActiveCfg = Debug|Any CPU
		{5545EA8A-9F0C-4E44-9F6B-DB02BA40DA18}.Debug|Any CPU.Build.0 = Debug|Any CPU
		{5545EA8A-9F0C-4E44-9F6B-DB02BA40DA18}.Debug|Any CPU.Deploy.0 = Debug|Any CPU
		{5545EA8A-9F0C-4E44-9F6B-DB02BA40DA18}.Development|Any CPU.ActiveCfg = Development|Any CPU
		{5545EA8A-9F0C-4E44-9F6B-DB02BA40DA18}.Production|Any CPU.ActiveCfg = Production|Any CPU
		{5545EA8A-9F0C-4E44-9F6B-DB02BA40DA18}.Production|Any CPU.Build.0 = Production|Any CPU
		{5545EA8A-9F0C-4E44-9F6B-DB02BA40DA18}.Production|Any CPU.Deploy.0 = Production|Any CPU
		{5545EA8A-9F0C-4E44-9F6B-DB02BA40DA18}.QA|Any CPU.ActiveCfg = QA|Any CPU
		{5545EA8A-9F0C-4E44-9F6B-DB02BA40DA18}.QA|Any CPU.Build.0 = QA|Any CPU
		{5545EA8A-9F0C-4E44-9F6B-DB02BA40DA18}.QA|Any CPU.Deploy.0 = QA|Any CPU
		{5545EA8A-9F0C-4E44-9F6B-DB02BA40DA18}.Release|Any CPU.ActiveCfg = Release|Any CPU
		{5545EA8A-9F0C-4E44-9F6B-DB02BA40DA18}.Release|Any CPU.Build.0 = Release|Any CPU
		{5545EA8A-9F0C-4E44-9F6B-DB02BA40DA18}.Release|Any CPU.Deploy.0 = Release|Any CPU
		{7D65A9D1-79D7-4463-8A28-21B39C6826B6}.Debug|Any CPU.ActiveCfg = Debug|Any CPU
		{7D65A9D1-79D7-4463-8A28-21B39C6826B6}.Debug|Any CPU.Build.0 = Debug|Any CPU
		{7D65A9D1-79D7-4463-8A28-21B39C6826B6}.Development|Any CPU.ActiveCfg = Development|Any CPU
		{7D65A9D1-79D7-4463-8A28-21B39C6826B6}.Development|Any CPU.Build.0 = Development|Any CPU
		{7D65A9D1-79D7-4463-8A28-21B39C6826B6}.Production|Any CPU.ActiveCfg = Production|Any CPU
		{7D65A9D1-79D7-4463-8A28-21B39C6826B6}.Production|Any CPU.Build.0 = Production|Any CPU
		{7D65A9D1-79D7-4463-8A28-21B39C6826B6}.QA|Any CPU.ActiveCfg = QA|Any CPU
		{7D65A9D1-79D7-4463-8A28-21B39C6826B6}.QA|Any CPU.Build.0 = QA|Any CPU
		{7D65A9D1-79D7-4463-8A28-21B39C6826B6}.Release|Any CPU.ActiveCfg = Release|Any CPU
		{7D65A9D1-79D7-4463-8A28-21B39C6826B6}.Release|Any CPU.Build.0 = Release|Any CPU
		{332BFD4B-FA22-4A9A-AC87-73BCFED5AA89}.Debug|Any CPU.ActiveCfg = Debug|Any CPU
		{332BFD4B-FA22-4A9A-AC87-73BCFED5AA89}.Debug|Any CPU.Build.0 = Debug|Any CPU
		{332BFD4B-FA22-4A9A-AC87-73BCFED5AA89}.Development|Any CPU.ActiveCfg = Development|Any CPU
		{332BFD4B-FA22-4A9A-AC87-73BCFED5AA89}.Development|Any CPU.Build.0 = Development|Any CPU
		{332BFD4B-FA22-4A9A-AC87-73BCFED5AA89}.Production|Any CPU.ActiveCfg = Production|Any CPU
		{332BFD4B-FA22-4A9A-AC87-73BCFED5AA89}.Production|Any CPU.Build.0 = Production|Any CPU
		{332BFD4B-FA22-4A9A-AC87-73BCFED5AA89}.QA|Any CPU.ActiveCfg = Release|Any CPU
		{332BFD4B-FA22-4A9A-AC87-73BCFED5AA89}.QA|Any CPU.Build.0 = Release|Any CPU
		{332BFD4B-FA22-4A9A-AC87-73BCFED5AA89}.Release|Any CPU.ActiveCfg = Release|Any CPU
		{332BFD4B-FA22-4A9A-AC87-73BCFED5AA89}.Release|Any CPU.Build.0 = Release|Any CPU
		{1C26E50A-7AB1-43BC-A699-9E7EE413D5F3}.Debug|Any CPU.ActiveCfg = Debug|Any CPU
		{1C26E50A-7AB1-43BC-A699-9E7EE413D5F3}.Debug|Any CPU.Build.0 = Debug|Any CPU
		{1C26E50A-7AB1-43BC-A699-9E7EE413D5F3}.Development|Any CPU.ActiveCfg = Development|Any CPU
		{1C26E50A-7AB1-43BC-A699-9E7EE413D5F3}.Development|Any CPU.Build.0 = Development|Any CPU
		{1C26E50A-7AB1-43BC-A699-9E7EE413D5F3}.Production|Any CPU.ActiveCfg = Production|Any CPU
		{1C26E50A-7AB1-43BC-A699-9E7EE413D5F3}.Production|Any CPU.Build.0 = Production|Any CPU
		{1C26E50A-7AB1-43BC-A699-9E7EE413D5F3}.QA|Any CPU.ActiveCfg = Release|Any CPU
		{1C26E50A-7AB1-43BC-A699-9E7EE413D5F3}.QA|Any CPU.Build.0 = Release|Any CPU
		{1C26E50A-7AB1-43BC-A699-9E7EE413D5F3}.Release|Any CPU.ActiveCfg = Release|Any CPU
		{1C26E50A-7AB1-43BC-A699-9E7EE413D5F3}.Release|Any CPU.Build.0 = Release|Any CPU
		{7684520B-25BF-43D0-81CD-B6F2D8493F41}.Debug|Any CPU.ActiveCfg = Debug|Any CPU
		{7684520B-25BF-43D0-81CD-B6F2D8493F41}.Debug|Any CPU.Build.0 = Debug|Any CPU
		{7684520B-25BF-43D0-81CD-B6F2D8493F41}.Development|Any CPU.ActiveCfg = Release|Any CPU
		{7684520B-25BF-43D0-81CD-B6F2D8493F41}.Development|Any CPU.Build.0 = Release|Any CPU
		{7684520B-25BF-43D0-81CD-B6F2D8493F41}.Production|Any CPU.ActiveCfg = Production|Any CPU
		{7684520B-25BF-43D0-81CD-B6F2D8493F41}.Production|Any CPU.Build.0 = Production|Any CPU
		{7684520B-25BF-43D0-81CD-B6F2D8493F41}.QA|Any CPU.ActiveCfg = QA|Any CPU
		{7684520B-25BF-43D0-81CD-B6F2D8493F41}.QA|Any CPU.Build.0 = QA|Any CPU
		{7684520B-25BF-43D0-81CD-B6F2D8493F41}.Release|Any CPU.ActiveCfg = Release|Any CPU
		{7684520B-25BF-43D0-81CD-B6F2D8493F41}.Release|Any CPU.Build.0 = Release|Any CPU
		{55FA6F83-DA7D-4468-A76E-D5E5B2BDDA69}.Debug|Any CPU.ActiveCfg = Debug|Any CPU
		{55FA6F83-DA7D-4468-A76E-D5E5B2BDDA69}.Debug|Any CPU.Build.0 = Debug|Any CPU
		{55FA6F83-DA7D-4468-A76E-D5E5B2BDDA69}.Development|Any CPU.ActiveCfg = Release|Any CPU
		{55FA6F83-DA7D-4468-A76E-D5E5B2BDDA69}.Development|Any CPU.Build.0 = Release|Any CPU
		{55FA6F83-DA7D-4468-A76E-D5E5B2BDDA69}.Production|Any CPU.ActiveCfg = Production|Any CPU
		{55FA6F83-DA7D-4468-A76E-D5E5B2BDDA69}.Production|Any CPU.Build.0 = Production|Any CPU
		{55FA6F83-DA7D-4468-A76E-D5E5B2BDDA69}.QA|Any CPU.ActiveCfg = Development|Any CPU
		{55FA6F83-DA7D-4468-A76E-D5E5B2BDDA69}.QA|Any CPU.Build.0 = Development|Any CPU
		{55FA6F83-DA7D-4468-A76E-D5E5B2BDDA69}.Release|Any CPU.ActiveCfg = Release|Any CPU
		{55FA6F83-DA7D-4468-A76E-D5E5B2BDDA69}.Release|Any CPU.Build.0 = Release|Any CPU
		{A2860847-F369-4355-A3D3-24FCED8EAC6B}.Debug|Any CPU.ActiveCfg = Debug|Any CPU
		{A2860847-F369-4355-A3D3-24FCED8EAC6B}.Debug|Any CPU.Build.0 = Debug|Any CPU
		{A2860847-F369-4355-A3D3-24FCED8EAC6B}.Development|Any CPU.ActiveCfg = Release|Any CPU
		{A2860847-F369-4355-A3D3-24FCED8EAC6B}.Development|Any CPU.Build.0 = Release|Any CPU
		{A2860847-F369-4355-A3D3-24FCED8EAC6B}.Production|Any CPU.ActiveCfg = Production|Any CPU
		{A2860847-F369-4355-A3D3-24FCED8EAC6B}.Production|Any CPU.Build.0 = Production|Any CPU
		{A2860847-F369-4355-A3D3-24FCED8EAC6B}.QA|Any CPU.ActiveCfg = Development|Any CPU
		{A2860847-F369-4355-A3D3-24FCED8EAC6B}.QA|Any CPU.Build.0 = Development|Any CPU
		{A2860847-F369-4355-A3D3-24FCED8EAC6B}.Release|Any CPU.ActiveCfg = Release|Any CPU
		{A2860847-F369-4355-A3D3-24FCED8EAC6B}.Release|Any CPU.Build.0 = Release|Any CPU
		{CFEE1A37-818A-401C-A01C-9A095C4F549A}.Debug|Any CPU.ActiveCfg = Debug|Any CPU
		{CFEE1A37-818A-401C-A01C-9A095C4F549A}.Debug|Any CPU.Build.0 = Debug|Any CPU
		{CFEE1A37-818A-401C-A01C-9A095C4F549A}.Development|Any CPU.ActiveCfg = Release|Any CPU
		{CFEE1A37-818A-401C-A01C-9A095C4F549A}.Development|Any CPU.Build.0 = Release|Any CPU
		{CFEE1A37-818A-401C-A01C-9A095C4F549A}.Production|Any CPU.ActiveCfg = Production|Any CPU
		{CFEE1A37-818A-401C-A01C-9A095C4F549A}.Production|Any CPU.Build.0 = Production|Any CPU
		{CFEE1A37-818A-401C-A01C-9A095C4F549A}.QA|Any CPU.ActiveCfg = QA|Any CPU
		{CFEE1A37-818A-401C-A01C-9A095C4F549A}.QA|Any CPU.Build.0 = QA|Any CPU
		{CFEE1A37-818A-401C-A01C-9A095C4F549A}.Release|Any CPU.ActiveCfg = Release|Any CPU
		{CFEE1A37-818A-401C-A01C-9A095C4F549A}.Release|Any CPU.Build.0 = Release|Any CPU
		{6789B37C-D3AE-4866-81F0-D55C74803033}.Debug|Any CPU.ActiveCfg = Debug|Any CPU
		{6789B37C-D3AE-4866-81F0-D55C74803033}.Debug|Any CPU.Build.0 = Debug|Any CPU
		{6789B37C-D3AE-4866-81F0-D55C74803033}.Development|Any CPU.ActiveCfg = Release|Any CPU
		{6789B37C-D3AE-4866-81F0-D55C74803033}.Development|Any CPU.Build.0 = Release|Any CPU
		{6789B37C-D3AE-4866-81F0-D55C74803033}.Production|Any CPU.ActiveCfg = Production|Any CPU
		{6789B37C-D3AE-4866-81F0-D55C74803033}.Production|Any CPU.Build.0 = Production|Any CPU
		{6789B37C-D3AE-4866-81F0-D55C74803033}.QA|Any CPU.ActiveCfg = Development|Any CPU
		{6789B37C-D3AE-4866-81F0-D55C74803033}.QA|Any CPU.Build.0 = Development|Any CPU
		{6789B37C-D3AE-4866-81F0-D55C74803033}.Release|Any CPU.ActiveCfg = Release|Any CPU
		{6789B37C-D3AE-4866-81F0-D55C74803033}.Release|Any CPU.Build.0 = Release|Any CPU
		{D002E447-4E3F-4D3C-B0D7-BEEBA00E217F}.Debug|Any CPU.ActiveCfg = Debug|Any CPU
		{D002E447-4E3F-4D3C-B0D7-BEEBA00E217F}.Debug|Any CPU.Build.0 = Debug|Any CPU
		{D002E447-4E3F-4D3C-B0D7-BEEBA00E217F}.Development|Any CPU.ActiveCfg = Release|Any CPU
		{D002E447-4E3F-4D3C-B0D7-BEEBA00E217F}.Development|Any CPU.Build.0 = Release|Any CPU
		{D002E447-4E3F-4D3C-B0D7-BEEBA00E217F}.Production|Any CPU.ActiveCfg = Production|Any CPU
		{D002E447-4E3F-4D3C-B0D7-BEEBA00E217F}.Production|Any CPU.Build.0 = Production|Any CPU
		{D002E447-4E3F-4D3C-B0D7-BEEBA00E217F}.QA|Any CPU.ActiveCfg = Development|Any CPU
		{D002E447-4E3F-4D3C-B0D7-BEEBA00E217F}.QA|Any CPU.Build.0 = Development|Any CPU
		{D002E447-4E3F-4D3C-B0D7-BEEBA00E217F}.Release|Any CPU.ActiveCfg = Release|Any CPU
		{D002E447-4E3F-4D3C-B0D7-BEEBA00E217F}.Release|Any CPU.Build.0 = Release|Any CPU
		{05BBCD18-88F0-A82F-F33E-157AC9E68152}.Debug|Any CPU.ActiveCfg = Debug|Any CPU
		{05BBCD18-88F0-A82F-F33E-157AC9E68152}.Debug|Any CPU.Build.0 = Debug|Any CPU
		{05BBCD18-88F0-A82F-F33E-157AC9E68152}.Development|Any CPU.ActiveCfg = Release|Any CPU
		{05BBCD18-88F0-A82F-F33E-157AC9E68152}.Development|Any CPU.Build.0 = Release|Any CPU
		{05BBCD18-88F0-A82F-F33E-157AC9E68152}.Production|Any CPU.ActiveCfg = Production|Any CPU
		{05BBCD18-88F0-A82F-F33E-157AC9E68152}.Production|Any CPU.Build.0 = Production|Any CPU
		{05BBCD18-88F0-A82F-F33E-157AC9E68152}.QA|Any CPU.ActiveCfg = Development|Any CPU
		{05BBCD18-88F0-A82F-F33E-157AC9E68152}.QA|Any CPU.Build.0 = Development|Any CPU
		{05BBCD18-88F0-A82F-F33E-157AC9E68152}.Release|Any CPU.ActiveCfg = Release|Any CPU
		{05BBCD18-88F0-A82F-F33E-157AC9E68152}.Release|Any CPU.Build.0 = Release|Any CPU
		{A907AB15-B873-0691-7336-8799D3B843F8}.Debug|Any CPU.ActiveCfg = Debug|Any CPU
		{A907AB15-B873-0691-7336-8799D3B843F8}.Debug|Any CPU.Build.0 = Debug|Any CPU
		{A907AB15-B873-0691-7336-8799D3B843F8}.Development|Any CPU.ActiveCfg = Release|Any CPU
		{A907AB15-B873-0691-7336-8799D3B843F8}.Development|Any CPU.Build.0 = Release|Any CPU
		{A907AB15-B873-0691-7336-8799D3B843F8}.Production|Any CPU.ActiveCfg = Production|Any CPU
		{A907AB15-B873-0691-7336-8799D3B843F8}.Production|Any CPU.Build.0 = Production|Any CPU
		{A907AB15-B873-0691-7336-8799D3B843F8}.QA|Any CPU.ActiveCfg = Development|Any CPU
		{A907AB15-B873-0691-7336-8799D3B843F8}.QA|Any CPU.Build.0 = Development|Any CPU
		{A907AB15-B873-0691-7336-8799D3B843F8}.Release|Any CPU.ActiveCfg = Release|Any CPU
		{A907AB15-B873-0691-7336-8799D3B843F8}.Release|Any CPU.Build.0 = Release|Any CPU
		{2F83E7D5-1F2C-5488-5199-F1C1D7FADC11}.Debug|Any CPU.ActiveCfg = Debug|Any CPU
		{2F83E7D5-1F2C-5488-5199-F1C1D7FADC11}.Debug|Any CPU.Build.0 = Debug|Any CPU
		{2F83E7D5-1F2C-5488-5199-F1C1D7FADC11}.Development|Any CPU.ActiveCfg = Release|Any CPU
		{2F83E7D5-1F2C-5488-5199-F1C1D7FADC11}.Development|Any CPU.Build.0 = Release|Any CPU
		{2F83E7D5-1F2C-5488-5199-F1C1D7FADC11}.Production|Any CPU.ActiveCfg = Production|Any CPU
		{2F83E7D5-1F2C-5488-5199-F1C1D7FADC11}.Production|Any CPU.Build.0 = Production|Any CPU
		{2F83E7D5-1F2C-5488-5199-F1C1D7FADC11}.QA|Any CPU.ActiveCfg = Development|Any CPU
		{2F83E7D5-1F2C-5488-5199-F1C1D7FADC11}.QA|Any CPU.Build.0 = Development|Any CPU
		{2F83E7D5-1F2C-5488-5199-F1C1D7FADC11}.Release|Any CPU.ActiveCfg = Release|Any CPU
		{2F83E7D5-1F2C-5488-5199-F1C1D7FADC11}.Release|Any CPU.Build.0 = Release|Any CPU
		{F2CDC09F-244E-7AEA-D5E4-8B1E07EDD185}.Debug|Any CPU.ActiveCfg = Debug|Any CPU
		{F2CDC09F-244E-7AEA-D5E4-8B1E07EDD185}.Debug|Any CPU.Build.0 = Debug|Any CPU
		{F2CDC09F-244E-7AEA-D5E4-8B1E07EDD185}.Development|Any CPU.ActiveCfg = Release|Any CPU
		{F2CDC09F-244E-7AEA-D5E4-8B1E07EDD185}.Development|Any CPU.Build.0 = Release|Any CPU
		{F2CDC09F-244E-7AEA-D5E4-8B1E07EDD185}.Production|Any CPU.ActiveCfg = Production|Any CPU
		{F2CDC09F-244E-7AEA-D5E4-8B1E07EDD185}.Production|Any CPU.Build.0 = Production|Any CPU
		{F2CDC09F-244E-7AEA-D5E4-8B1E07EDD185}.QA|Any CPU.ActiveCfg = Development|Any CPU
		{F2CDC09F-244E-7AEA-D5E4-8B1E07EDD185}.QA|Any CPU.Build.0 = Development|Any CPU
		{F2CDC09F-244E-7AEA-D5E4-8B1E07EDD185}.Release|Any CPU.ActiveCfg = Release|Any CPU
		{F2CDC09F-244E-7AEA-D5E4-8B1E07EDD185}.Release|Any CPU.Build.0 = Release|Any CPU
	EndGlobalSection
	GlobalSection(SolutionProperties) = preSolution
		HideSolutionNode = FALSE
	EndGlobalSection
	GlobalSection(NestedProjects) = preSolution
		{5545EA8A-9F0C-4E44-9F6B-DB02BA40DA18} = {C483C12D-8140-4D63-A122-E14079227055}
		{7D65A9D1-79D7-4463-8A28-21B39C6826B6} = {DE195767-0812-47F3-BFD3-15BDDA06F178}
		{332BFD4B-FA22-4A9A-AC87-73BCFED5AA89} = {DE195767-0812-47F3-BFD3-15BDDA06F178}
		{1C26E50A-7AB1-43BC-A699-9E7EE413D5F3} = {BB8D0C76-02BF-4F96-9371-366D0F2F4A09}
		{7684520B-25BF-43D0-81CD-B6F2D8493F41} = {DE195767-0812-47F3-BFD3-15BDDA06F178}
		{55FA6F83-DA7D-4468-A76E-D5E5B2BDDA69} = {DE195767-0812-47F3-BFD3-15BDDA06F178}
		{A2860847-F369-4355-A3D3-24FCED8EAC6B} = {3884D05F-AA47-4611-ABA1-D25AA583ACC4}
		{CFEE1A37-818A-401C-A01C-9A095C4F549A} = {3884D05F-AA47-4611-ABA1-D25AA583ACC4}
		{6789B37C-D3AE-4866-81F0-D55C74803033} = {3884D05F-AA47-4611-ABA1-D25AA583ACC4}
		{D002E447-4E3F-4D3C-B0D7-BEEBA00E217F} = {3884D05F-AA47-4611-ABA1-D25AA583ACC4}
		{05BBCD18-88F0-A82F-F33E-157AC9E68152} = {3884D05F-AA47-4611-ABA1-D25AA583ACC4}
		{A907AB15-B873-0691-7336-8799D3B843F8} = {DE195767-0812-47F3-BFD3-15BDDA06F178}
		{2F83E7D5-1F2C-5488-5199-F1C1D7FADC11} = {DE195767-0812-47F3-BFD3-15BDDA06F178}
		{F2CDC09F-244E-7AEA-D5E4-8B1E07EDD185} = {BB8D0C76-02BF-4F96-9371-366D0F2F4A09}
	EndGlobalSection
	GlobalSection(ExtensibilityGlobals) = postSolution
		SolutionGuid = {E2BB4BE5-2FEF-41F3-88F3-BA1B94BDB541}
	EndGlobalSection
EndGlobal
